
Microsoft Visual Studio Solution File, Format Version 12.00
# Visual Studio Version 17
VisualStudioVersion = 17.2.32516.85
MinimumVisualStudioVersion = 10.0.40219.1
Project("{FAE04EC0-301F-11D3-BF4B-00C04F79EFBC}") = "TwitchBot", "TwitchBot.csproj", "{3526D5E7-603D-4AFD-9158-6FAE0E42402D}"
EndProject
Global
	GlobalSection(SolutionConfigurationPlatforms) = preSolution
		Debug|Any CPU = Debug|Any CPU
		Release|Any CPU = Release|Any CPU
	EndGlobalSection
	GlobalSection(ProjectConfigurationPlatforms) = postSolution
		{3526D5E7-603D-4AFD-9158-6FAE0E42402D}.Debug|Any CPU.ActiveCfg = Debug|Any CPU
		{3526D5E7-603D-4AFD-9158-6FAE0E42402D}.Debug|Any CPU.Build.0 = Debug|Any CPU
		{3526D5E7-603D-4AFD-9158-6FAE0E42402D}.Release|Any CPU.ActiveCfg = Release|Any CPU
		{3526D5E7-603D-4AFD-9158-6FAE0E42402D}.Release|Any CPU.Build.0 = Release|Any CPU
	EndGlobalSection
	GlobalSection(SolutionProperties) = preSolution
		HideSolutionNode = FALSE
	EndGlobalSection
	GlobalSection(ExtensibilityGlobals) = postSolution
		SolutionGuid = {DE3B4A9F-A9F6-44FF-A0E4-858DEBBE0DA4}
	EndGlobalSection
EndGlobal
